
Microsoft Visual Studio Solution File, Format Version 12.00
# Visual Studio Version 17
VisualStudioVersion = 17.12.35527.113 d17.12
MinimumVisualStudioVersion = 10.0.40219.1
Project("{8BC9CEB8-8B4A-11D0-8D11-00A0C91BC942}") = "Project (2) ( Math Game )", "Project (2) ( Math Game )\Project (2) ( Math Game ).vcxproj", "{881188F2-4835-411A-A22A-E49470D42792}"
EndProject
Global
	GlobalSection(SolutionConfigurationPlatforms) = preSolution
		Debug|x64 = Debug|x64
		Debug|x86 = Debug|x86
		Release|x64 = Release|x64
		Release|x86 = Release|x86
	EndGlobalSection
	GlobalSection(ProjectConfigurationPlatforms) = postSolution
		{881188F2-4835-411A-A22A-E49470D42792}.Debug|x64.ActiveCfg = Debug|x64
		{881188F2-4835-411A-A22A-E49470D42792}.Debug|x64.Build.0 = Debug|x64
		{881188F2-4835-411A-A22A-E49470D42792}.Debug|x86.ActiveCfg = Debug|Win32
		{881188F2-4835-411A-A22A-E49470D42792}.Debug|x86.Build.0 = Debug|Win32
		{881188F2-4835-411A-A22A-E49470D42792}.Release|x64.ActiveCfg = Release|x64
		{881188F2-4835-411A-A22A-E49470D42792}.Release|x64.Build.0 = Release|x64
		{881188F2-4835-411A-A22A-E49470D42792}.Release|x86.ActiveCfg = Release|Win32
		{881188F2-4835-411A-A22A-E49470D42792}.Release|x86.Build.0 = Release|Win32
	EndGlobalSection
	GlobalSection(SolutionProperties) = preSolution
		HideSolutionNode = FALSE
	EndGlobalSection
EndGlobal
